
Microsoft Visual Studio Solution File, Format Version 12.00
# Visual Studio Version 17
VisualStudioVersion = 17.0.31903.59
MinimumVisualStudioVersion = 10.0.40219.1
Project("{FAE04EC0-301F-11D3-BF4B-00C04F79EFBC}") = "Day1Part1", "Day1Part1\Day1Part1.csproj", "{C7213A5E-FB78-47D0-91B3-9D462BA1B165}"
EndProject
Global
	GlobalSection(SolutionConfigurationPlatforms) = preSolution
		Debug|Any CPU = Debug|Any CPU
		Release|Any CPU = Release|Any CPU
	EndGlobalSection
	GlobalSection(SolutionProperties) = preSolution
		HideSolutionNode = FALSE
	EndGlobalSection
	GlobalSection(ProjectConfigurationPlatforms) = postSolution
		{C7213A5E-FB78-47D0-91B3-9D462BA1B165}.Debug|Any CPU.ActiveCfg = Debug|Any CPU
		{C7213A5E-FB78-47D0-91B3-9D462BA1B165}.Debug|Any CPU.Build.0 = Debug|Any CPU
		{C7213A5E-FB78-47D0-91B3-9D462BA1B165}.Release|Any CPU.ActiveCfg = Release|Any CPU
		{C7213A5E-FB78-47D0-91B3-9D462BA1B165}.Release|Any CPU.Build.0 = Release|Any CPU
	EndGlobalSection
EndGlobal
